<?xml version="1.0" encoding="UTF-8"?>
<!DOCTYPE plist PUBLIC "-//Apple//DTD PLIST 1.0//EN" "http://www.apple.com/DTDs/PropertyList-1.0.dtd">
<plist version="1.0">
<dict>
	<key>archiveVersion</key>
	<string>1</string>
	<key>classes</key>
	<dict/>
	<key>objectVersion</key>
	<string>42</string>
	<key>objects</key>
	<dict>
		<key>080E96DDFE201D6D7F000001</key>
		<dict>
			<key>children</key>
			<array/>
			<key>isa</key>
			<string>PBXGroup</string>
			<key>name</key>
			<string>Classes</string>
			<key>sourceTree</key>
			<string>&lt;group&gt;</string>
		</dict>
		<key>089C165CFE840E0CC02AAC07</key>
		<dict>
			<key>children</key>
			<array>
				<string>089C165DFE840E0CC02AAC07</string>
			</array>
			<key>isa</key>
			<string>PBXVariantGroup</string>
			<key>name</key>
			<string>InfoPlist.strings</string>
			<key>sourceTree</key>
			<string>&lt;group&gt;</string>
		</dict>
		<key>089C165DFE840E0CC02AAC07</key>
		<dict>
			<key>fileEncoding</key>
			<string>10</string>
			<key>isa</key>
			<string>PBXFileReference</string>
			<key>lastKnownFileType</key>
			<string>text.plist.strings</string>
			<key>name</key>
			<string>InfoPlist.strings</string>
			<key>path</key>
			<string>misc/English.lproj/InfoPlist.strings</string>
			<key>sourceTree</key>
			<string>&lt;group&gt;</string>
		</dict>
		<key>1058C7A0FEA54F0111CA2CBB</key>
		<dict>
			<key>children</key>
			<array>
				<string>1058C7A1FEA54F0111CA2CBB</string>
				<string>E8F5E24E03AEB6EC03A81C6F</string>
			</array>
			<key>isa</key>
			<string>PBXGroup</string>
			<key>name</key>
			<string>Linked Frameworks</string>
			<key>sourceTree</key>
			<string>&lt;group&gt;</string>
		</dict>
		<key>1058C7A1FEA54F0111CA2CBB</key>
		<dict>
			<key>isa</key>
			<string>PBXFileReference</string>
			<key>lastKnownFileType</key>
			<string>wrapper.framework</string>
			<key>name</key>
			<string>Cocoa.framework</string>
			<key>path</key>
			<string>/System/Library/Frameworks/Cocoa.framework</string>
			<key>sourceTree</key>
			<string>&lt;absolute&gt;</string>
		</dict>
		<key>1058C7A2FEA54F0111CA2CBB</key>
		<dict>
			<key>children</key>
			<array>
				<string>29B97325FDCFA39411CA2CEA</string>
				<string>29B97324FDCFA39411CA2CEA</string>
			</array>
			<key>isa</key>
			<string>PBXGroup</string>
			<key>name</key>
			<string>Other Frameworks</string>
			<key>sourceTree</key>
			<string>&lt;group&gt;</string>
		</dict>
		<key>19C28FACFE9D520D11CA2CBB</key>
		<dict>
			<key>children</key>
			<array>
				<string>4DDCA7120ACC9A6100E082CE</string>
			</array>
			<key>isa</key>
			<string>PBXGroup</string>
			<key>name</key>
			<string>Products</string>
			<key>sourceTree</key>
			<string>&lt;group&gt;</string>
		</dict>
		<key>29B97313FDCFA39411CA2CEA</key>
		<dict>
			<key>buildConfigurationList</key>
			<string>4D7A7B570ABF745500C2D4C0</string>
			<key>compatibilityVersion</key>
			<string>Xcode 2.4</string>
			<key>hasScannedForEncodings</key>
			<string>0</string>
			<key>isa</key>
			<string>PBXProject</string>
			<key>mainGroup</key>
			<string>29B97314FDCFA39411CA2CEA</string>
			<key>projectDirPath</key>
			<string></string>
			<key>projectRoot</key>
			<string></string>
			<key>targets</key>
			<array>
				<string>4DDCA7030ACC9A6100E082CE</string>
			</array>
		</dict>
		<key>29B97314FDCFA39411CA2CEA</key>
		<dict>
			<key>children</key>
			<array>
				<string>080E96DDFE201D6D7F000001</string>
				<string>29B97315FDCFA39411CA2CEA</string>
				<string>29B97317FDCFA39411CA2CEA</string>
				<string>29B97323FDCFA39411CA2CEA</string>
				<string>19C28FACFE9D520D11CA2CBB</string>
				<string>4DDCA7110ACC9A6100E082CE</string>
			</array>
			<key>isa</key>
			<string>PBXGroup</string>
			<key>name</key>
			<string>DropBox</string>
			<key>sourceTree</key>
			<string>&lt;group&gt;</string>
		</dict>
		<key>29B97315FDCFA39411CA2CEA</key>
		<dict>
			<key>children</key>
			<array>
				<string>29B97316FDCFA39411CA2CEA</string>
				<string>514292ED0CC6823A00F9CEEF</string>
				<string>E8F5E25803AEB7C803A81C6F</string>
			</array>
			<key>isa</key>
			<string>PBXGroup</string>
			<key>name</key>
			<string>Other Sources</string>
			<key>sourceTree</key>
			<string>&lt;group&gt;</string>
		</dict>
		<key>29B97316FDCFA39411CA2CEA</key>
		<dict>
			<key>fileEncoding</key>
			<string>30</string>
			<key>isa</key>
			<string>PBXFileReference</string>
			<key>lastKnownFileType</key>
			<string>sourcecode.c.objc</string>
			<key>name</key>
			<string>main.m</string>
			<key>path</key>
			<string>misc/main.m</string>
			<key>sourceTree</key>
			<string>&lt;group&gt;</string>
		</dict>
		<key>29B97317FDCFA39411CA2CEA</key>
		<dict>
			<key>children</key>
			<array>
				<string>37D9261F0DD3443C00254B24</string>
				<string>37D926210DD3443C00254B24</string>
				<string>37D9261C0DD3422C00254B24</string>
				<string>378909000DD33D990083681B</string>
				<string>514292B90CC66CDC00F9CEEF</string>
				<string>514292C10CC66CDC00F9CEEF</string>
				<string>514292C40CC66CDC00F9CEEF</string>
				<string>514292CA0CC66CDC00F9CEEF</string>
				<string>514292CC0CC66CDC00F9CEEF</string>
				<string>089C165CFE840E0CC02AAC07</string>
			</array>
			<key>isa</key>
			<string>PBXGroup</string>
			<key>name</key>
			<string>Resources</string>
			<key>sourceTree</key>
			<string>&lt;group&gt;</string>
		</dict>
		<key>29B97323FDCFA39411CA2CEA</key>
		<dict>
			<key>children</key>
			<array>
				<string>1058C7A0FEA54F0111CA2CBB</string>
				<string>1058C7A2FEA54F0111CA2CBB</string>
			</array>
			<key>isa</key>
			<string>PBXGroup</string>
			<key>name</key>
			<string>Frameworks</string>
			<key>sourceTree</key>
			<string>&lt;group&gt;</string>
		</dict>
		<key>29B97324FDCFA39411CA2CEA</key>
		<dict>
			<key>isa</key>
			<string>PBXFileReference</string>
			<key>lastKnownFileType</key>
			<string>wrapper.framework</string>
			<key>name</key>
			<string>AppKit.framework</string>
			<key>path</key>
			<string>/System/Library/Frameworks/AppKit.framework</string>
			<key>sourceTree</key>
			<string>&lt;absolute&gt;</string>
		</dict>
		<key>29B97325FDCFA39411CA2CEA</key>
		<dict>
			<key>isa</key>
			<string>PBXFileReference</string>
			<key>lastKnownFileType</key>
			<string>wrapper.framework</string>
			<key>name</key>
			<string>Foundation.framework</string>
			<key>path</key>
			<string>/System/Library/Frameworks/Foundation.framework</string>
			<key>sourceTree</key>
			<string>&lt;absolute&gt;</string>
		</dict>
		<key>378909000DD33D990083681B</key>
		<dict>
			<key>children</key>
			<array>
				<string>378909010DD33D990083681B</string>
			</array>
			<key>isa</key>
			<string>PBXVariantGroup</string>
			<key>name</key>
			<string>login.png</string>
			<key>sourceTree</key>
			<string>&lt;group&gt;</string>
		</dict>
		<key>378909010DD33D990083681B</key>
		<dict>
			<key>isa</key>
			<string>PBXFileReference</string>
			<key>lastKnownFileType</key>
			<string>image.png</string>
			<key>name</key>
			<string>English</string>
			<key>path</key>
			<string>misc/English.lproj/login.png</string>
			<key>sourceTree</key>
			<string>&lt;group&gt;</string>
		</dict>
		<key>378909020DD33D990083681B</key>
		<dict>
			<key>fileRef</key>
			<string>378909000DD33D990083681B</string>
			<key>isa</key>
			<string>PBXBuildFile</string>
		</dict>
		<key>37D9261C0DD3422C00254B24</key>
		<dict>
			<key>children</key>
			<array>
				<string>37D9261D0DD3422C00254B24</string>
			</array>
			<key>isa</key>
			<string>PBXVariantGroup</string>
			<key>name</key>
			<string>bg.png</string>
			<key>sourceTree</key>
			<string>&lt;group&gt;</string>
		</dict>
		<key>37D9261D0DD3422C00254B24</key>
		<dict>
			<key>isa</key>
			<string>PBXFileReference</string>
			<key>lastKnownFileType</key>
			<string>image.png</string>
			<key>name</key>
			<string>English</string>
			<key>path</key>
			<string>misc/English.lproj/bg.png</string>
			<key>sourceTree</key>
			<string>&lt;group&gt;</string>
		</dict>
		<key>37D9261E0DD3422C00254B24</key>
		<dict>
			<key>fileRef</key>
			<string>37D9261C0DD3422C00254B24</string>
			<key>isa</key>
			<string>PBXBuildFile</string>
		</dict>
		<key>37D9261F0DD3443C00254B24</key>
		<dict>
			<key>children</key>
			<array>
				<string>37D926200DD3443C00254B24</string>
			</array>
			<key>isa</key>
			<string>PBXVariantGroup</string>
			<key>name</key>
			<string>attachment.png</string>
			<key>sourceTree</key>
			<string>&lt;group&gt;</string>
		</dict>
		<key>37D926200DD3443C00254B24</key>
		<dict>
			<key>isa</key>
			<string>PBXFileReference</string>
			<key>lastKnownFileType</key>
			<string>image.png</string>
			<key>name</key>
			<string>English</string>
			<key>path</key>
			<string>misc/English.lproj/attachment.png</string>
			<key>sourceTree</key>
			<string>&lt;group&gt;</string>
		</dict>
		<key>37D926210DD3443C00254B24</key>
		<dict>
			<key>children</key>
			<array>
				<string>37D926220DD3443C00254B24</string>
			</array>
			<key>isa</key>
			<string>PBXVariantGroup</string>
			<key>name</key>
			<string>import.png</string>
			<key>sourceTree</key>
			<string>&lt;group&gt;</string>
		</dict>
		<key>37D926220DD3443C00254B24</key>
		<dict>
			<key>isa</key>
			<string>PBXFileReference</string>
			<key>lastKnownFileType</key>
			<string>image.png</string>
			<key>name</key>
			<string>English</string>
			<key>path</key>
			<string>misc/English.lproj/import.png</string>
			<key>sourceTree</key>
			<string>&lt;group&gt;</string>
		</dict>
		<key>37D926230DD3443C00254B24</key>
		<dict>
			<key>fileRef</key>
			<string>37D9261F0DD3443C00254B24</string>
			<key>isa</key>
			<string>PBXBuildFile</string>
		</dict>
		<key>37D926240DD3443C00254B24</key>
		<dict>
			<key>fileRef</key>
			<string>37D926210DD3443C00254B24</string>
			<key>isa</key>
			<string>PBXBuildFile</string>
		</dict>
		<key>4D7A7B570ABF745500C2D4C0</key>
		<dict>
			<key>buildConfigurations</key>
			<array>
				<string>4D7A7B580ABF745500C2D4C0</string>
				<string>4D7A7B590ABF745500C2D4C0</string>
			</array>
			<key>defaultConfigurationIsVisible</key>
			<string>0</string>
			<key>defaultConfigurationName</key>
			<string>Release</string>
			<key>isa</key>
			<string>XCConfigurationList</string>
		</dict>
		<key>4D7A7B580ABF745500C2D4C0</key>
		<dict>
			<key>buildSettings</key>
			<dict>
				<key>GCC_WARN_ABOUT_RETURN_TYPE</key>
				<string>YES</string>
				<key>GCC_WARN_UNUSED_VARIABLE</key>
				<string>YES</string>
				<key>PREBINDING</key>
				<string>NO</string>
			</dict>
			<key>isa</key>
			<string>XCBuildConfiguration</string>
			<key>name</key>
			<string>Debug</string>
		</dict>
		<key>4D7A7B590ABF745500C2D4C0</key>
		<dict>
			<key>buildSettings</key>
			<dict>
				<key>GCC_WARN_ABOUT_RETURN_TYPE</key>
				<string>YES</string>
				<key>GCC_WARN_UNUSED_VARIABLE</key>
				<string>YES</string>
				<key>PREBINDING</key>
				<string>NO</string>
			</dict>
			<key>isa</key>
			<string>XCBuildConfiguration</string>
			<key>name</key>
			<string>Release</string>
		</dict>
		<key>4DDCA7030ACC9A6100E082CE</key>
		<dict>
			<key>buildConfigurationList</key>
			<string>4DDCA70E0ACC9A6100E082CE</string>
			<key>buildPhases</key>
			<array>
				<string>4DDCA7040ACC9A6100E082CE</string>
				<string>4DDCA7050ACC9A6100E082CE</string>
				<string>4DDCA7090ACC9A6100E082CE</string>
				<string>4DDCA70B0ACC9A6100E082CE</string>
				<string>7B8D1BC2FD3BD3FADB0D3365</string>
			</array>
			<key>buildRules</key>
			<array/>
			<key>dependencies</key>
			<array/>
			<key>isa</key>
			<string>PBXNativeTarget</string>
			<key>name</key>
			<string>DropBox</string>
			<key>productInstallPath</key>
			<string>$(HOME)/Applications</string>
			<key>productName</key>
			<string>DropBox</string>
			<key>productReference</key>
			<string>4DDCA7120ACC9A6100E082CE</string>
			<key>productType</key>
			<string>com.apple.product-type.application</string>
		</dict>
		<key>4DDCA7040ACC9A6100E082CE</key>
		<dict>
			<key>buildActionMask</key>
			<string>2147483647</string>
			<key>files</key>
			<array/>
			<key>isa</key>
			<string>PBXHeadersBuildPhase</string>
			<key>runOnlyForDeploymentPostprocessing</key>
			<string>0</string>
		</dict>
		<key>4DDCA7050ACC9A6100E082CE</key>
		<dict>
			<key>buildActionMask</key>
			<string>2147483647</string>
			<key>files</key>
			<array>
				<string>4DDCA7070ACC9A6100E082CE</string>
				<string>4DDCA7080ACC9A6100E082CE</string>
				<string>514292CE0CC66CDC00F9CEEF</string>
				<string>514292CF0CC66CDC00F9CEEF</string>
				<string>514292D00CC66CDC00F9CEEF</string>
				<string>514292D10CC66CDC00F9CEEF</string>
				<string>514292D20CC66CDC00F9CEEF</string>
				<string>514292EF0CC6823A00F9CEEF</string>
				<string>378909020DD33D990083681B</string>
				<string>37D9261E0DD3422C00254B24</string>
				<string>37D926230DD3443C00254B24</string>
				<string>37D926240DD3443C00254B24</string>
			</array>
			<key>isa</key>
			<string>PBXResourcesBuildPhase</string>
			<key>runOnlyForDeploymentPostprocessing</key>
			<string>0</string>
		</dict>
		<key>4DDCA7070ACC9A6100E082CE</key>
		<dict>
			<key>fileRef</key>
			<string>089C165CFE840E0CC02AAC07</string>
			<key>isa</key>
			<string>PBXBuildFile</string>
		</dict>
		<key>4DDCA7080ACC9A6100E082CE</key>
		<dict>
			<key>fileRef</key>
			<string>E8F5E25803AEB7C803A81C6F</string>
			<key>isa</key>
			<string>PBXBuildFile</string>
		</dict>
		<key>4DDCA7090ACC9A6100E082CE</key>
		<dict>
			<key>buildActionMask</key>
			<string>2147483647</string>
			<key>files</key>
			<array>
				<string>4DDCA70A0ACC9A6100E082CE</string>
			</array>
			<key>isa</key>
			<string>PBXSourcesBuildPhase</string>
			<key>runOnlyForDeploymentPostprocessing</key>
			<string>0</string>
		</dict>
		<key>4DDCA70A0ACC9A6100E082CE</key>
		<dict>
			<key>fileRef</key>
			<string>29B97316FDCFA39411CA2CEA</string>
			<key>isa</key>
			<string>PBXBuildFile</string>
			<key>settings</key>
			<dict>
				<key>ATTRIBUTES</key>
				<array/>
			</dict>
		</dict>
		<key>4DDCA70B0ACC9A6100E082CE</key>
		<dict>
			<key>buildActionMask</key>
			<string>2147483647</string>
			<key>files</key>
			<array>
				<string>4DDCA70C0ACC9A6100E082CE</string>
				<string>4DDCA70D0ACC9A6100E082CE</string>
			</array>
			<key>isa</key>
			<string>PBXFrameworksBuildPhase</string>
			<key>runOnlyForDeploymentPostprocessing</key>
			<string>0</string>
		</dict>
		<key>4DDCA70C0ACC9A6100E082CE</key>
		<dict>
			<key>fileRef</key>
			<string>1058C7A1FEA54F0111CA2CBB</string>
			<key>isa</key>
			<string>PBXBuildFile</string>
		</dict>
		<key>4DDCA70D0ACC9A6100E082CE</key>
		<dict>
			<key>fileRef</key>
			<string>E8F5E24E03AEB6EC03A81C6F</string>
			<key>isa</key>
			<string>PBXBuildFile</string>
		</dict>
		<key>4DDCA70E0ACC9A6100E082CE</key>
		<dict>
			<key>buildConfigurations</key>
			<array>
				<string>4DDCA70F0ACC9A6100E082CE</string>
				<string>4DDCA7100ACC9A6100E082CE</string>
			</array>
			<key>defaultConfigurationIsVisible</key>
			<string>0</string>
			<key>defaultConfigurationName</key>
			<string>Release</string>
			<key>isa</key>
			<string>XCConfigurationList</string>
		</dict>
		<key>4DDCA70F0ACC9A6100E082CE</key>
		<dict>
			<key>buildSettings</key>
			<dict>
				<key>COPY_PHASE_STRIP</key>
				<string>NO</string>
				<key>GCC_DYNAMIC_NO_PIC</key>
				<string>NO</string>
				<key>GCC_ENABLE_FIX_AND_CONTINUE</key>
				<string>YES</string>
				<key>GCC_MODEL_TUNING</key>
				<string>G5</string>
				<key>GCC_OPTIMIZATION_LEVEL</key>
				<string>0</string>
				<key>INFOPLIST_FILE</key>
				<string>Info.plist</string>
				<key>INSTALL_PATH</key>
				<string>$(HOME)/Applications</string>
				<key>PRODUCT_NAME</key>
				<string>DropBox</string>
				<key>WRAPPER_EXTENSION</key>
				<string>app</string>
				<key>ZERO_LINK</key>
				<string>YES</string>
			</dict>
			<key>isa</key>
			<string>XCBuildConfiguration</string>
			<key>name</key>
			<string>Debug</string>
		</dict>
		<key>4DDCA7100ACC9A6100E082CE</key>
		<dict>
			<key>buildSettings</key>
			<dict>
				<key>GCC_GENERATE_DEBUGGING_SYMBOLS</key>
				<string>NO</string>
				<key>GCC_MODEL_TUNING</key>
				<string>G5</string>
				<key>INFOPLIST_FILE</key>
				<string>Info.plist</string>
				<key>INSTALL_PATH</key>
				<string>$(HOME)/Applications</string>
				<key>PRODUCT_NAME</key>
				<string>DropBox</string>
				<key>WRAPPER_EXTENSION</key>
				<string>app</string>
			</dict>
			<key>isa</key>
			<string>XCBuildConfiguration</string>
			<key>name</key>
			<string>Release</string>
		</dict>
		<key>4DDCA7110ACC9A6100E082CE</key>
		<dict>
			<key>isa</key>
			<string>PBXFileReference</string>
			<key>lastKnownFileType</key>
			<string>text.xml</string>
			<key>name</key>
			<string>Info.plist</string>
			<key>path</key>
			<string>config/Info.plist</string>
			<key>sourceTree</key>
			<string>&lt;group&gt;</string>
		</dict>
		<key>4DDCA7120ACC9A6100E082CE</key>
		<dict>
			<key>explicitFileType</key>
			<string>wrapper.application</string>
			<key>includeInIndex</key>
			<string>0</string>
			<key>isa</key>
			<string>PBXFileReference</string>
			<key>path</key>
			<string>DropBox.app</string>
			<key>sourceTree</key>
			<string>BUILT_PRODUCTS_DIR</string>
		</dict>
		<key>514292B90CC66CDC00F9CEEF</key>
		<dict>
			<key>isa</key>
			<string>PBXFileReference</string>
			<key>lastKnownFileType</key>
			<string>folder</string>
			<key>path</key>
			<string>app</string>
			<key>sourceTree</key>
			<string>&lt;group&gt;</string>
		</dict>
		<key>514292C10CC66CDC00F9CEEF</key>
		<dict>
			<key>isa</key>
			<string>PBXFileReference</string>
			<key>lastKnownFileType</key>
			<string>folder</string>
			<key>path</key>
			<string>config</string>
			<key>sourceTree</key>
			<string>&lt;group&gt;</string>
		</dict>
		<key>514292C40CC66CDC00F9CEEF</key>
		<dict>
			<key>isa</key>
			<string>PBXFileReference</string>
			<key>lastKnownFileType</key>
			<string>folder</string>
			<key>path</key>
			<string>misc</string>
			<key>sourceTree</key>
			<string>&lt;group&gt;</string>
		</dict>
		<key>514292CA0CC66CDC00F9CEEF</key>
		<dict>
			<key>isa</key>
			<string>PBXFileReference</string>
			<key>lastKnownFileType</key>
			<string>folder</string>
			<key>path</key>
			<string>test</string>
			<key>sourceTree</key>
			<string>&lt;group&gt;</string>
		</dict>
		<key>514292CC0CC66CDC00F9CEEF</key>
		<dict>
			<key>isa</key>
			<string>PBXFileReference</string>
			<key>lastKnownFileType</key>
			<string>folder</string>
			<key>path</key>
			<string>vendor</string>
			<key>sourceTree</key>
			<string>&lt;group&gt;</string>
		</dict>
		<key>514292CE0CC66CDC00F9CEEF</key>
		<dict>
			<key>fileRef</key>
			<string>514292B90CC66CDC00F9CEEF</string>
			<key>isa</key>
			<string>PBXBuildFile</string>
		</dict>
		<key>514292CF0CC66CDC00F9CEEF</key>
		<dict>
			<key>fileRef</key>
			<string>514292C10CC66CDC00F9CEEF</string>
			<key>isa</key>
			<string>PBXBuildFile</string>
		</dict>
		<key>514292D00CC66CDC00F9CEEF</key>
		<dict>
			<key>fileRef</key>
			<string>514292C40CC66CDC00F9CEEF</string>
			<key>isa</key>
			<string>PBXBuildFile</string>
		</dict>
		<key>514292D10CC66CDC00F9CEEF</key>
		<dict>
			<key>fileRef</key>
			<string>514292CA0CC66CDC00F9CEEF</string>
			<key>isa</key>
			<string>PBXBuildFile</string>
		</dict>
		<key>514292D20CC66CDC00F9CEEF</key>
		<dict>
			<key>fileRef</key>
			<string>514292CC0CC66CDC00F9CEEF</string>
			<key>isa</key>
			<string>PBXBuildFile</string>
		</dict>
		<key>514292ED0CC6823A00F9CEEF</key>
		<dict>
			<key>children</key>
			<array>
				<string>514292EE0CC6823A00F9CEEF</string>
			</array>
			<key>isa</key>
			<string>PBXVariantGroup</string>
			<key>name</key>
			<string>MainMenu.nib</string>
			<key>sourceTree</key>
			<string>&lt;group&gt;</string>
		</dict>
		<key>514292EE0CC6823A00F9CEEF</key>
		<dict>
			<key>isa</key>
			<string>PBXFileReference</string>
			<key>lastKnownFileType</key>
			<string>wrapper.nib</string>
			<key>name</key>
			<string>English</string>
			<key>path</key>
			<string>misc/English.lproj/MainMenu.nib</string>
			<key>sourceTree</key>
			<string>&lt;group&gt;</string>
		</dict>
		<key>514292EF0CC6823A00F9CEEF</key>
		<dict>
			<key>fileRef</key>
			<string>514292ED0CC6823A00F9CEEF</string>
			<key>isa</key>
			<string>PBXBuildFile</string>
		</dict>
		<key>7B8D1BC2FD3BD3FADB0D3365</key>
		<dict>
			<key>buildActionMask</key>
			<string>2147483647</string>
			<key>dstPath</key>
			<string></string>
			<key>dstSubfolderSpec</key>
			<integer>10</integer>
			<key>files</key>
			<array>
				<string>8FC06A7AEF6E6924FCE2E1DB</string>
			</array>
			<key>isa</key>
			<string>PBXCopyFilesBuildPhase</string>
			<key>name</key>
			<string>Copy Frameworks</string>
			<key>runOnlyForDeploymentPostprocessing</key>
			<integer>0</integer>
		</dict>
		<key>8FC06A7AEF6E6924FCE2E1DB</key>
		<dict>
			<key>fileRef</key>
			<string>E8F5E24E03AEB6EC03A81C6F</string>
			<key>isa</key>
			<string>PBXBuildFile</string>
		</dict>
		<key>E8F5E24E03AEB6EC03A81C6F</key>
		<dict>
			<key>isa</key>
			<string>PBXFileReference</string>
			<key>lastKnownFileType</key>
			<string>wrapper.framework</string>
			<key>name</key>
			<string>RubyCocoa.framework</string>
			<key>path</key>
			<string>vendor/rubycocoa/RubyCocoa.framework</string>
			<key>sourceTree</key>
			<string>&lt;group&gt;</string>
		</dict>
		<key>E8F5E25803AEB7C803A81C6F</key>
		<dict>
			<key>isa</key>
			<string>PBXFileReference</string>
			<key>lastKnownFileType</key>
			<string>text.script.ruby</string>
			<key>name</key>
			<string>rb_main.rb</string>
			<key>path</key>
			<string>misc/rb_main.rb</string>
			<key>sourceTree</key>
			<string>&lt;group&gt;</string>
		</dict>
	</dict>
	<key>rootObject</key>
	<string>29B97313FDCFA39411CA2CEA</string>
</dict>
</plist>
